{
  "lib/chainlink-ccip": {
    "tag": {
      "name": "solana-v1.6.2",
      "rev": "9546a59bd0a3cee4ddc8ae4042da533e62225b78"
    }
  },
  "lib/chainlink-local": {
    "tag": {
      "name": "v0.2.9-beta.0",
      "rev": "f7ede06fe959fca0bceebbf8511b3728a13237fb"
    }
  },
  "lib/forge-std": {
    "tag": {
      "name": "v1.15.0",
      "rev": "0844d7e1fc5e60d77b68e469bff60265f236c398"
    }
  },
  "lib/openzeppelin-contracts": {
    "tag": {
      "name": "v5.4.0",
      "rev": "c64a1edb67b6e3f4a15cca8909c9482ad33a02b0"
    }
  },
  "lib/openzeppelin-contracts-upgradeable": {
    "tag": {
      "name": "v5.4.0",
      "rev": "e725abddf1e01cf05ace496e950fc8e243cc7cab"
    }
  },
  "lib/vault-v2": {
    "tag": {
      "name": "2025-12-04",
      "rev": "425f6b1fb3a1d25083a9515348bd5e7bd3ab9017"
    }
  }
}