{
  "lib/chainlink-ccip": {
    "tag": {
      "name": "solana-artifacts-localtest-cb23ec38649f",
      "rev": "cb23ec38649f9d23aabd0350e30d3d649ebc2174"
    }
  },
  "lib/chainlink-local": {
    "tag": {
      "name": "v0.2.7",
      "rev": "a3ace4e17336e84c4d1261f2da45d5e8963af714"
    }
  },
  "lib/forge-std": {
    "tag": {
      "name": "v1.15.0",
      "rev": "0844d7e1fc5e60d77b68e469bff60265f236c398"
    }
  },
  "lib/openzeppelin-contracts": {
    "tag": {
      "name": "v5.4.0",
      "rev": "c64a1edb67b6e3f4a15cca8909c9482ad33a02b0"
    }
  },
  "lib/openzeppelin-contracts-upgradeable": {
    "tag": {
      "name": "v5.4.0",
      "rev": "e725abddf1e01cf05ace496e950fc8e243cc7cab"
    }
  },
  "lib/vault-v2": {
    "tag": {
      "name": "2025-12-04",
      "rev": "425f6b1fb3a1d25083a9515348bd5e7bd3ab9017"
    }
  }
}